
Microsoft Visual Studio Solution File, Format Version 12.00
# Visual Studio Version 17
VisualStudioVersion = 17.10.35122.118
MinimumVisualStudioVersion = 10.0.40219.1
Project("{FAE04EC0-301F-11D3-BF4B-00C04F79EFBC}") = "TimeLock", "TimeLock\TimeLock.csproj", "{DBA88E07-C60B-4487-A014-62D91E53009B}"
EndProject
Global
	GlobalSection(SolutionConfigurationPlatforms) = preSolution
		Debug|Any CPU = Debug|Any CPU
		Release|Any CPU = Release|Any CPU
	EndGlobalSection
	GlobalSection(ProjectConfigurationPlatforms) = postSolution
		{DBA88E07-C60B-4487-A014-62D91E53009B}.Debug|Any CPU.ActiveCfg = Debug|Any CPU
		{DBA88E07-C60B-4487-A014-62D91E53009B}.Debug|Any CPU.Build.0 = Debug|Any CPU
		{DBA88E07-C60B-4487-A014-62D91E53009B}.Release|Any CPU.ActiveCfg = Release|Any CPU
		{DBA88E07-C60B-4487-A014-62D91E53009B}.Release|Any CPU.Build.0 = Release|Any CPU
	EndGlobalSection
	GlobalSection(SolutionProperties) = preSolution
		HideSolutionNode = FALSE
	EndGlobalSection
	GlobalSection(ExtensibilityGlobals) = postSolution
		SolutionGuid = {8075617A-0CDB-4A1C-B533-DBAF2362A79D}
	EndGlobalSection
EndGlobal
